
Microsoft Visual Studio Solution File, Format Version 12.00
# Visual Studio Version 16
VisualStudioVersion = 16.0.30804.86
MinimumVisualStudioVersion = 10.0.40219.1
Project("{FAE04EC0-301F-11D3-BF4B-00C04F79EFBC}") = "Aliaddo Ejercicio Practica", "Aliaddo Ejercicio Practica\Aliaddo Ejercicio Practica.csproj", "{CDDFD5C0-9B49-4B52-8827-598049D960B3}"
EndProject
Global
	GlobalSection(SolutionConfigurationPlatforms) = preSolution
		Debug|Any CPU = Debug|Any CPU
		Release|Any CPU = Release|Any CPU
	EndGlobalSection
	GlobalSection(ProjectConfigurationPlatforms) = postSolution
		{CDDFD5C0-9B49-4B52-8827-598049D960B3}.Debug|Any CPU.ActiveCfg = Debug|Any CPU
		{CDDFD5C0-9B49-4B52-8827-598049D960B3}.Debug|Any CPU.Build.0 = Debug|Any CPU
		{CDDFD5C0-9B49-4B52-8827-598049D960B3}.Release|Any CPU.ActiveCfg = Release|Any CPU
		{CDDFD5C0-9B49-4B52-8827-598049D960B3}.Release|Any CPU.Build.0 = Release|Any CPU
	EndGlobalSection
	GlobalSection(SolutionProperties) = preSolution
		HideSolutionNode = FALSE
	EndGlobalSection
	GlobalSection(ExtensibilityGlobals) = postSolution
		SolutionGuid = {0EE9D8E0-57B2-4D82-BE3B-ABD34FF1C11A}
	EndGlobalSection
EndGlobal
